Microsoft Visual Studio Solution File, Format Version 12.00
# Visual Studio Version 17
VisualStudioVersion = 17.5.2.0
MinimumVisualStudioVersion = 10.0.40219.1
Project("{FAE04EC0-301F-11D3-BF4B-00C04F79EFBC}") = "dotnetAvaloniaHATest", "dotnetAvaloniaHATest.csproj", "{4FFE11C9-3DF7-67C4-4A24-269FD8610870}"
EndProject
Global
	GlobalSection(SolutionConfigurationPlatforms) = preSolution
		Debug|Any CPU = Debug|Any CPU
		Release|Any CPU = Release|Any CPU
	EndGlobalSection
	GlobalSection(ProjectConfigurationPlatforms) = postSolution
		{4FFE11C9-3DF7-67C4-4A24-269FD8610870}.Debug|Any CPU.ActiveCfg = Debug|Any CPU
		{4FFE11C9-3DF7-67C4-4A24-269FD8610870}.Debug|Any CPU.Build.0 = Debug|Any CPU
		{4FFE11C9-3DF7-67C4-4A24-269FD8610870}.Release|Any CPU.ActiveCfg = Release|Any CPU
		{4FFE11C9-3DF7-67C4-4A24-269FD8610870}.Release|Any CPU.Build.0 = Release|Any CPU
	EndGlobalSection
	GlobalSection(SolutionProperties) = preSolution
		HideSolutionNode = FALSE
	EndGlobalSection
	GlobalSection(ExtensibilityGlobals) = postSolution
		SolutionGuid = {CECD21A1-310D-4C99-B337-71D7E95A26F9}
	EndGlobalSection
EndGlobal
